
Microsoft Visual Studio Solution File, Format Version 12.00
# Visual Studio Version 17
VisualStudioVersion = 17.0.31912.275
MinimumVisualStudioVersion = 10.0.40219.1
Project("{9A19103F-16F7-4668-BE54-9A1E7A4F7556}") = "ShoppingCart", "ShoppingCartApp\ShoppingCart.csproj", "{1858AC21-49C1-4CE8-8180-21F187923D98}"
EndProject
Project("{9A19103F-16F7-4668-BE54-9A1E7A4F7556}") = "TestBasket", "TestBasket\TestBasket.csproj", "{631C8A36-25E7-41C0-B146-33524D292359}"
EndProject
Global
	GlobalSection(SolutionConfigurationPlatforms) = preSolution
		Debug|Any CPU = Debug|Any CPU
		Release|Any CPU = Release|Any CPU
	EndGlobalSection
	GlobalSection(ProjectConfigurationPlatforms) = postSolution
		{1858AC21-49C1-4CE8-8180-21F187923D98}.Debug|Any CPU.ActiveCfg = Debug|Any CPU
		{1858AC21-49C1-4CE8-8180-21F187923D98}.Debug|Any CPU.Build.0 = Debug|Any CPU
		{1858AC21-49C1-4CE8-8180-21F187923D98}.Release|Any CPU.ActiveCfg = Release|Any CPU
		{1858AC21-49C1-4CE8-8180-21F187923D98}.Release|Any CPU.Build.0 = Release|Any CPU
		{631C8A36-25E7-41C0-B146-33524D292359}.Debug|Any CPU.ActiveCfg = Debug|Any CPU
		{631C8A36-25E7-41C0-B146-33524D292359}.Debug|Any CPU.Build.0 = Debug|Any CPU
		{631C8A36-25E7-41C0-B146-33524D292359}.Release|Any CPU.ActiveCfg = Release|Any CPU
		{631C8A36-25E7-41C0-B146-33524D292359}.Release|Any CPU.Build.0 = Release|Any CPU
	EndGlobalSection
	GlobalSection(SolutionProperties) = preSolution
		HideSolutionNode = FALSE
	EndGlobalSection
	GlobalSection(ExtensibilityGlobals) = postSolution
		SolutionGuid = {BEC171D1-AF22-4C2D-9847-27E2937B000D}
	EndGlobalSection
EndGlobal
